<?xml version="1.0" encoding="utf-8"?>
<Project ToolsVersion="4.0" xmlns="http://schemas.microsoft.com/developer/msbuild/2003">
  <ItemGroup>
    <Filter Include="Source Files">
      <UniqueIdentifier>{4FC737F1-C7A5-4376-A066-2A32D752A2FF}</UniqueIdentifier>
      <Extensions>cpp;c;cc;cxx;c++;cppm;ixx;def;odl;idl;hpj;bat;asm;asmx</Extensions>
    </Filter>
    <Filter Include="Header Files">
      <UniqueIdentifier>{93995380-89BD-4b04-88EB-625FBE52EBFB}</UniqueIdentifier>
      <Extensions>h;hh;hpp;hxx;h++;hm;inl;inc;ipp;xsd</Extensions>
    </Filter>
    <Filter Include="Resource Files">
      <UniqueIdentifier>{67DA6AB6-F800-4c08-8B7A-83BB121AAD01}</UniqueIdentifier>
      <Extensions>rc;ico;cur;bmp;dlg;rc2;rct;bin;rgs;gif;jpg;jpeg;jpe;resx;tiff;tif;png;wav;mfcribbon-ms</Extensions>
    </Filter>
  </ItemGroup>
  <ItemGroup>
    <ClInclude Include="Game.h">
      <Filter>Header Files</Filter>
    </ClInclude>
    <ClInclude Include="Map.h">
      <Filter>Header Files</Filter>
    </ClInclude>
    <ClInclude Include="TextureManager.h">
      <Filter>Header Files</Filter>
    </ClInclude>
    <ClInclude Include="Vector.h">
      <Filter>Header Files</Filter>
    </ClInclude>
    <ClInclude Include="ECS.h">
      <Filter>Header Files</Filter>
    </ClInclude>
    <ClInclude Include="ColliderComponents.h">
      <Filter>Header Files</Filter>
    </ClInclude>
    <ClInclude Include="CollisionDetection.h">
      <Filter>Header Files</Filter>
    </ClInclude>
    <ClInclude Include="TransformComponent.h">
      <Filter>Header Files</Filter>
    </ClInclude>
    <ClInclude Include="SpriteRendererComponent.h">
      <Filter>Header Files</Filter>
    </ClInclude>
    <ClInclude Include="PlayerControllerComponent.h">
      <Filter>Header Files</Filter>
    </ClInclude>
    <ClInclude Include="TextRendererComponent.h">
      <Filter>Header Files</Filter>
    </ClInclude>
    <ClInclude Include="TileComponent.h">
      <Filter>Header Files</Filter>
    </ClInclude>
    <ClInclude Include="InputListenerComponent.h">
      <Filter>Header Files</Filter>
    </ClInclude>
    <ClInclude Include="ImageRendererComponent.h">
      <Filter>Header Files</Filter>
    </ClInclude>
    <ClInclude Include="AssetManager.h">
      <Filter>Header Files</Filter>
    </ClInclude>
    <ClInclude Include="SpriteComponent.h">
      <Filter>Header Files</Filter>
    </ClInclude>
    <ClInclude Include="AnimationComponent.h">
      <Filter>Header Files</Filter>
    </ClInclude>
    <ClInclude Include="JSONNode.h">
      <Filter>Header Files</Filter>
    </ClInclude>
    <ClInclude Include="JSONParser.h">
      <Filter>Header Files</Filter>
    </ClInclude>
    <ClInclude Include="Tokenizer.h">
      <Filter>Header Files</Filter>
    </ClInclude>
  </ItemGroup>
  <ItemGroup>
    <ClCompile Include="main.cpp">
      <Filter>Source Files</Filter>
    </ClCompile>
    <ClCompile Include="Game.cpp">
      <Filter>Source Files</Filter>
    </ClCompile>
    <ClCompile Include="Map.cpp">
      <Filter>Source Files</Filter>
    </ClCompile>
    <ClCompile Include="TextureManager.cpp">
      <Filter>Source Files</Filter>
    </ClCompile>
    <ClCompile Include="CollisionDetection.cpp">
      <Filter>Source Files</Filter>
    </ClCompile>
    <ClCompile Include="ECS.cpp">
      <Filter>Source Files</Filter>
    </ClCompile>
    <ClCompile Include="ImageRendererComponent.cpp">
      <Filter>Source Files</Filter>
    </ClCompile>
    <ClCompile Include="AssetManager.cpp">
      <Filter>Source Files</Filter>
    </ClCompile>
    <ClCompile Include="SpriteComponent.cpp">
      <Filter>Source Files</Filter>
    </ClCompile>
    <ClCompile Include="SpriteRendererComponent.cpp">
      <Filter>Source Files</Filter>
    </ClCompile>
    <ClCompile Include="TileComponent.cpp">
      <Filter>Source Files</Filter>
    </ClCompile>
    <ClCompile Include="PlayerControllerComponent.cpp">
      <Filter>Source Files</Filter>
    </ClCompile>
    <ClCompile Include="TextRendererComponent.cpp">
      <Filter>Source Files</Filter>
    </ClCompile>
    <ClCompile Include="TransformComponent.cpp">
      <Filter>Source Files</Filter>
    </ClCompile>
    <ClCompile Include="AnimationComponent.cpp">
      <Filter>Source Files</Filter>
    </ClCompile>
    <ClCompile Include="JSONNode.cpp">
      <Filter>Source Files</Filter>
    </ClCompile>
    <ClCompile Include="JSONParser.cpp">
      <Filter>Source Files</Filter>
    </ClCompile>
    <ClCompile Include="Tokenizer.cpp">
      <Filter>Source Files</Filter>
    </ClCompile>
  </ItemGroup>
  <ItemGroup>
    <None Include="libpng16-16.dll" />
    <None Include="SDL2.dll" />
    <None Include="SDL2_image.dll" />
    <None Include="zlib1.dll" />
    <None Include="SDL2_ttf.dll" />
    <None Include=".gitattributes" />
    <None Include=".gitignore" />
    <None Include="README.md" />
    <None Include="Assets\JSON\Sprites.json" />
  </ItemGroup>
  <ItemGroup>
    <Font Include="Assets\Fonts\8Bit.ttf" />
    <Font Include="Assets\Fonts\Test.ttf" />
  </ItemGroup>
  <ItemGroup>
    <Image Include="Assets\dirt.png">
      <Filter>Resource Files</Filter>
    </Image>
    <Image Include="Assets\grass.png">
      <Filter>Resource Files</Filter>
    </Image>
    <Image Include="Assets\player.png">
      <Filter>Resource Files</Filter>
    </Image>
    <Image Include="Assets\debug.png">
      <Filter>Resource Files</Filter>
    </Image>
    <Image Include="Assets\Player\Player_0.png">
      <Filter>Resource Files</Filter>
    </Image>
    <Image Include="Assets\Player\Player_1.png">
      <Filter>Resource Files</Filter>
    </Image>
    <Image Include="Assets\Player\Player_2.png">
      <Filter>Resource Files</Filter>
    </Image>
    <Image Include="Assets\Player\Player_3.png">
      <Filter>Resource Files</Filter>
    </Image>
    <Image Include="Assets\Player\Player_4.png">
      <Filter>Resource Files</Filter>
    </Image>
    <Image Include="Assets\Player\Player_5.png">
      <Filter>Resource Files</Filter>
    </Image>
    <Image Include="Assets\Player\Player_6.png">
      <Filter>Resource Files</Filter>
    </Image>
    <Image Include="Assets\Player\Player_7.png">
      <Filter>Resource Files</Filter>
    </Image>
    <Image Include="Assets\Player\Player_8.png">
      <Filter>Resource Files</Filter>
    </Image>
    <Image Include="Assets\Player\Player_9.png">
      <Filter>Resource Files</Filter>
    </Image>
    <Image Include="Assets\Player\Player_10.png">
      <Filter>Resource Files</Filter>
    </Image>
    <Image Include="Assets\Player\Player_11.png">
      <Filter>Resource Files</Filter>
    </Image>
    <Image Include="Assets\Player\Player_12.png">
      <Filter>Resource Files</Filter>
    </Image>
    <Image Include="Assets\water.png">
      <Filter>Resource Files</Filter>
    </Image>
  </ItemGroup>
</Project>